
Microsoft Visual Studio Solution File, Format Version 12.00
# Visual Studio Version 17
VisualStudioVersion = 17.1.32407.343
MinimumVisualStudioVersion = 10.0.40219.1
Project("{FAE04EC0-301F-11D3-BF4B-00C04F79EFBC}") = "Exec_IntSort", "Exec_IntSort.csproj", "{B71792FB-E2BB-4570-AFBD-475562AF43CC}"
EndProject
Global
	GlobalSection(SolutionConfigurationPlatforms) = preSolution
		Debug|Any CPU = Debug|Any CPU
		Release|Any CPU = Release|Any CPU
	EndGlobalSection
	GlobalSection(ProjectConfigurationPlatforms) = postSolution
		{B71792FB-E2BB-4570-AFBD-475562AF43CC}.Debug|Any CPU.ActiveCfg = Debug|Any CPU
		{B71792FB-E2BB-4570-AFBD-475562AF43CC}.Debug|Any CPU.Build.0 = Debug|Any CPU
		{B71792FB-E2BB-4570-AFBD-475562AF43CC}.Release|Any CPU.ActiveCfg = Release|Any CPU
		{B71792FB-E2BB-4570-AFBD-475562AF43CC}.Release|Any CPU.Build.0 = Release|Any CPU
	EndGlobalSection
	GlobalSection(SolutionProperties) = preSolution
		HideSolutionNode = FALSE
	EndGlobalSection
	GlobalSection(ExtensibilityGlobals) = postSolution
		SolutionGuid = {D4D371AB-D0FE-443A-8245-C0D9F4954ADD}
	EndGlobalSection
EndGlobal
